# This file is automatically @generated by Poetry 2.1.3 and should not be changed by hand.

[[package]]
name = "scons"
version = "4.9.1"
description = "Open Source next-generation build tool."
optional = false
python-versions = ">=3.7"
groups = ["main"]
files = [
    {file = "scons-4.9.1-py3-none-any.whl", hash = "sha256:d2db1a22eb6039e97cbbb0106f18f435af033d0aad190299c9688378e2810a5e"},
    {file = "scons-4.9.1.tar.gz", hash = "sha256:bacac880ba2e86d6a156c116e2f8f2bfa82b257046f3ac2666c85c53c615c338"},
]

[metadata]
lock-version = "2.1"
python-versions = ">=3.12"
content-hash = "90a69636e7f008841ade40aa2a44c28860296a395f8b879e48905d2e7bcc40ee"
